
Microsoft Visual Studio Solution File, Format Version 12.00
# Visual Studio Version 17
VisualStudioVersion = 17.10.35027.167
MinimumVisualStudioVersion = 10.0.40219.1
Project("{FAE04EC0-301F-11D3-BF4B-00C04F79EFBC}") = "HolidayApp", "HolidayApp\HolidayApp.csproj", "{20039C67-1A32-465B-B155-7581D00C1A7B}"
EndProject
Global
	GlobalSection(SolutionConfigurationPlatforms) = preSolution
		Debug|Any CPU = Debug|Any CPU
		Release|Any CPU = Release|Any CPU
	EndGlobalSection
	GlobalSection(ProjectConfigurationPlatforms) = postSolution
		{20039C67-1A32-465B-B155-7581D00C1A7B}.Debug|Any CPU.ActiveCfg = Debug|Any CPU
		{20039C67-1A32-465B-B155-7581D00C1A7B}.Debug|Any CPU.Build.0 = Debug|Any CPU
		{20039C67-1A32-465B-B155-7581D00C1A7B}.Release|Any CPU.ActiveCfg = Release|Any CPU
		{20039C67-1A32-465B-B155-7581D00C1A7B}.Release|Any CPU.Build.0 = Release|Any CPU
	EndGlobalSection
	GlobalSection(SolutionProperties) = preSolution
		HideSolutionNode = FALSE
	EndGlobalSection
	GlobalSection(ExtensibilityGlobals) = postSolution
		SolutionGuid = {0A7317EB-AF22-45DC-ABA6-4643C5ED68FC}
	EndGlobalSection
EndGlobal
